
Microsoft Visual Studio Solution File, Format Version 12.00
# Visual Studio 15
VisualStudioVersion = 15.0.27428.2015
MinimumVisualStudioVersion = 10.0.40219.1
Project("{9A19103F-16F7-4668-BE54-9A1E7A4F7556}") = "neb.netcore", "neb.netcore\neb.netcore.csproj", "{5DB102BE-7728-417E-A718-A7006C1F0F3E}"
EndProject
Project("{FAE04EC0-301F-11D3-BF4B-00C04F79EFBC}") = "neb.net", "neb.net\neb.net.csproj", "{92C6458B-EB8F-493F-A586-D906976A3066}"
EndProject
Project("{FAE04EC0-301F-11D3-BF4B-00C04F79EFBC}") = "neb.net.example", "neb.net.example\neb.net.example.csproj", "{94337F08-9F4E-442A-B947-E243229E24D2}"
EndProject
Global
	GlobalSection(SolutionConfigurationPlatforms) = preSolution
		Debug|Any CPU = Debug|Any CPU
		Release|Any CPU = Release|Any CPU
	EndGlobalSection
	GlobalSection(ProjectConfigurationPlatforms) = postSolution
		{5DB102BE-7728-417E-A718-A7006C1F0F3E}.Debug|Any CPU.ActiveCfg = Debug|Any CPU
		{5DB102BE-7728-417E-A718-A7006C1F0F3E}.Debug|Any CPU.Build.0 = Debug|Any CPU
		{5DB102BE-7728-417E-A718-A7006C1F0F3E}.Release|Any CPU.ActiveCfg = Release|Any CPU
		{5DB102BE-7728-417E-A718-A7006C1F0F3E}.Release|Any CPU.Build.0 = Release|Any CPU
		{92C6458B-EB8F-493F-A586-D906976A3066}.Debug|Any CPU.ActiveCfg = Debug|Any CPU
		{92C6458B-EB8F-493F-A586-D906976A3066}.Debug|Any CPU.Build.0 = Debug|Any CPU
		{92C6458B-EB8F-493F-A586-D906976A3066}.Release|Any CPU.ActiveCfg = Release|Any CPU
		{92C6458B-EB8F-493F-A586-D906976A3066}.Release|Any CPU.Build.0 = Release|Any CPU
		{94337F08-9F4E-442A-B947-E243229E24D2}.Debug|Any CPU.ActiveCfg = Debug|Any CPU
		{94337F08-9F4E-442A-B947-E243229E24D2}.Debug|Any CPU.Build.0 = Debug|Any CPU
		{94337F08-9F4E-442A-B947-E243229E24D2}.Release|Any CPU.ActiveCfg = Release|Any CPU
		{94337F08-9F4E-442A-B947-E243229E24D2}.Release|Any CPU.Build.0 = Release|Any CPU
	EndGlobalSection
	GlobalSection(SolutionProperties) = preSolution
		HideSolutionNode = FALSE
	EndGlobalSection
	GlobalSection(ExtensibilityGlobals) = postSolution
		SolutionGuid = {2BD3FFA3-70D6-4694-B1FB-D1CD229A4A04}
	EndGlobalSection
EndGlobal
